
Microsoft Visual Studio Solution File, Format Version 12.00
# Visual Studio 15
VisualStudioVersion = 15.0.28010.2048
MinimumVisualStudioVersion = 10.0.40219.1
Project("{888888A0-9F3D-457C-B088-3A5042F75D52}") = "Create", "Create\Create.pyproj", "{52F38703-4CBC-4175-8D2F-464230F8ADB0}"
EndProject
Global
	GlobalSection(SolutionConfigurationPlatforms) = preSolution
		Debug|Any CPU = Debug|Any CPU
		Release|Any CPU = Release|Any CPU
	EndGlobalSection
	GlobalSection(ProjectConfigurationPlatforms) = postSolution
		{52F38703-4CBC-4175-8D2F-464230F8ADB0}.Debug|Any CPU.ActiveCfg = Debug|Any CPU
		{52F38703-4CBC-4175-8D2F-464230F8ADB0}.Release|Any CPU.ActiveCfg = Release|Any CPU
	EndGlobalSection
	GlobalSection(SolutionProperties) = preSolution
		HideSolutionNode = FALSE
	EndGlobalSection
	GlobalSection(ExtensibilityGlobals) = postSolution
		SolutionGuid = {19B9A859-03BF-47BB-B102-CE50E765D78A}
	EndGlobalSection
EndGlobal
